
Microsoft Visual Studio Solution File, Format Version 12.00
# Visual Studio Version 17
VisualStudioVersion = 17.5.33502.453
MinimumVisualStudioVersion = 10.0.40219.1
<<<<<<< HEAD
Project("{9A19103F-16F7-4668-BE54-9A1E7A4F7556}") = "HSStories", "HSStories\HSStories.csproj", "{ACC445E4-9118-4634-8268-1CE922AFBE7C}"
EndProject
Project("{9A19103F-16F7-4668-BE54-9A1E7A4F7556}") = "HSStoriesB", "HSStoriesB\HSStoriesB.csproj", "{513E1AF3-9574-424A-BF18-E791FB17DC41}"
=======
Project("{FAE04EC0-301F-11D3-BF4B-00C04F79EFBC}") = "HSStories", "HSStories\HSStories.csproj", "{ACC445E4-9118-4634-8268-1CE922AFBE7C}"
>>>>>>> 49f822e3c6306d99d2563e4a320acc869e2bb83e
EndProject
Global
	GlobalSection(SolutionConfigurationPlatforms) = preSolution
		Debug|Any CPU = Debug|Any CPU
		Release|Any CPU = Release|Any CPU
	EndGlobalSection
	GlobalSection(ProjectConfigurationPlatforms) = postSolution
		{ACC445E4-9118-4634-8268-1CE922AFBE7C}.Debug|Any CPU.ActiveCfg = Debug|Any CPU
		{ACC445E4-9118-4634-8268-1CE922AFBE7C}.Debug|Any CPU.Build.0 = Debug|Any CPU
		{ACC445E4-9118-4634-8268-1CE922AFBE7C}.Release|Any CPU.ActiveCfg = Release|Any CPU
		{ACC445E4-9118-4634-8268-1CE922AFBE7C}.Release|Any CPU.Build.0 = Release|Any CPU
<<<<<<< HEAD
		{513E1AF3-9574-424A-BF18-E791FB17DC41}.Debug|Any CPU.ActiveCfg = Debug|Any CPU
		{513E1AF3-9574-424A-BF18-E791FB17DC41}.Debug|Any CPU.Build.0 = Debug|Any CPU
		{513E1AF3-9574-424A-BF18-E791FB17DC41}.Release|Any CPU.ActiveCfg = Release|Any CPU
		{513E1AF3-9574-424A-BF18-E791FB17DC41}.Release|Any CPU.Build.0 = Release|Any CPU
=======
>>>>>>> 49f822e3c6306d99d2563e4a320acc869e2bb83e
	EndGlobalSection
	GlobalSection(SolutionProperties) = preSolution
		HideSolutionNode = FALSE
	EndGlobalSection
	GlobalSection(ExtensibilityGlobals) = postSolution
		SolutionGuid = {75582DD3-3963-4A31-971E-688F18ABC0E7}
	EndGlobalSection
EndGlobal
